
Microsoft Visual Studio Solution File, Format Version 12.00
# Visual Studio Version 17
VisualStudioVersion = 17.0.32112.339
MinimumVisualStudioVersion = 10.0.40219.1
Project("{FAE04EC0-301F-11D3-BF4B-00C04F79EFBC}") = "ClassesExample", "ClassesExample\ClassesExample.csproj", "{AE8F746B-EA65-4D8C-B2C7-9C4E6EC1F33B}"
EndProject
Global
	GlobalSection(SolutionConfigurationPlatforms) = preSolution
		Debug|Any CPU = Debug|Any CPU
		Release|Any CPU = Release|Any CPU
	EndGlobalSection
	GlobalSection(ProjectConfigurationPlatforms) = postSolution
		{AE8F746B-EA65-4D8C-B2C7-9C4E6EC1F33B}.Debug|Any CPU.ActiveCfg = Debug|Any CPU
		{AE8F746B-EA65-4D8C-B2C7-9C4E6EC1F33B}.Debug|Any CPU.Build.0 = Debug|Any CPU
		{AE8F746B-EA65-4D8C-B2C7-9C4E6EC1F33B}.Release|Any CPU.ActiveCfg = Release|Any CPU
		{AE8F746B-EA65-4D8C-B2C7-9C4E6EC1F33B}.Release|Any CPU.Build.0 = Release|Any CPU
	EndGlobalSection
	GlobalSection(SolutionProperties) = preSolution
		HideSolutionNode = FALSE
	EndGlobalSection
	GlobalSection(ExtensibilityGlobals) = postSolution
		SolutionGuid = {990B71E6-E986-494A-AC07-E9942B1E5527}
	EndGlobalSection
EndGlobal
